
Microsoft Visual Studio Solution File, Format Version 12.00
# Visual Studio Version 16
VisualStudioVersion = 16.0.31321.278
MinimumVisualStudioVersion = 10.0.40219.1
Project("{FAE04EC0-301F-11D3-BF4B-00C04F79EFBC}") = "Teste-Paschoalott-Back-End", "Teste-Paschoalott-Back-End.csproj", "{C50D7FA8-5249-4EE9-8008-B7B21756F07A}"
EndProject
Global
	GlobalSection(SolutionConfigurationPlatforms) = preSolution
		Debug|Any CPU = Debug|Any CPU
		Release|Any CPU = Release|Any CPU
	EndGlobalSection
	GlobalSection(ProjectConfigurationPlatforms) = postSolution
		{C50D7FA8-5249-4EE9-8008-B7B21756F07A}.Debug|Any CPU.ActiveCfg = Debug|Any CPU
		{C50D7FA8-5249-4EE9-8008-B7B21756F07A}.Debug|Any CPU.Build.0 = Debug|Any CPU
		{C50D7FA8-5249-4EE9-8008-B7B21756F07A}.Release|Any CPU.ActiveCfg = Release|Any CPU
		{C50D7FA8-5249-4EE9-8008-B7B21756F07A}.Release|Any CPU.Build.0 = Release|Any CPU
	EndGlobalSection
	GlobalSection(SolutionProperties) = preSolution
		HideSolutionNode = FALSE
	EndGlobalSection
	GlobalSection(ExtensibilityGlobals) = postSolution
		SolutionGuid = {410AF80A-D769-4BE2-A9E9-D4124338848A}
	EndGlobalSection
EndGlobal
